
Microsoft Visual Studio Solution File, Format Version 12.00
# Visual Studio 15
VisualStudioVersion = 15.0.27703.2018
MinimumVisualStudioVersion = 10.0.40219.1
Project("{FAE04EC0-301F-11D3-BF4B-00C04F79EFBC}") = "assignment 2 code", "assignment 2 code\assignment 2 code.csproj", "{970B901F-5722-43FD-8AC0-500C0FC0D87A}"
EndProject
Global
	GlobalSection(SolutionConfigurationPlatforms) = preSolution
		Debug|Any CPU = Debug|Any CPU
		Release|Any CPU = Release|Any CPU
	EndGlobalSection
	GlobalSection(ProjectConfigurationPlatforms) = postSolution
		{970B901F-5722-43FD-8AC0-500C0FC0D87A}.Debug|Any CPU.ActiveCfg = Debug|Any CPU
		{970B901F-5722-43FD-8AC0-500C0FC0D87A}.Debug|Any CPU.Build.0 = Debug|Any CPU
		{970B901F-5722-43FD-8AC0-500C0FC0D87A}.Release|Any CPU.ActiveCfg = Release|Any CPU
		{970B901F-5722-43FD-8AC0-500C0FC0D87A}.Release|Any CPU.Build.0 = Release|Any CPU
	EndGlobalSection
	GlobalSection(SolutionProperties) = preSolution
		HideSolutionNode = FALSE
	EndGlobalSection
	GlobalSection(ExtensibilityGlobals) = postSolution
		SolutionGuid = {103B15E2-1FB4-4617-A7AE-D6B80FAE9E2B}
	EndGlobalSection
EndGlobal
